
Microsoft Visual Studio Solution File, Format Version 12.00
# Visual Studio 15
VisualStudioVersion = 15.0.28010.2003
MinimumVisualStudioVersion = 10.0.40219.1
Project("{8BC9CEB8-8B4A-11D0-8D11-00A0C91BC942}") = "ch1q4", "ch1q4\ch1q4.vcxproj", "{654ED53A-96EC-4034-A251-072DE05AEA6E}"
EndProject
Global
	GlobalSection(SolutionConfigurationPlatforms) = preSolution
		Debug|x64 = Debug|x64
		Debug|x86 = Debug|x86
		Release|x64 = Release|x64
		Release|x86 = Release|x86
	EndGlobalSection
	GlobalSection(ProjectConfigurationPlatforms) = postSolution
		{654ED53A-96EC-4034-A251-072DE05AEA6E}.Debug|x64.ActiveCfg = Debug|x64
		{654ED53A-96EC-4034-A251-072DE05AEA6E}.Debug|x64.Build.0 = Debug|x64
		{654ED53A-96EC-4034-A251-072DE05AEA6E}.Debug|x86.ActiveCfg = Debug|Win32
		{654ED53A-96EC-4034-A251-072DE05AEA6E}.Debug|x86.Build.0 = Debug|Win32
		{654ED53A-96EC-4034-A251-072DE05AEA6E}.Release|x64.ActiveCfg = Release|x64
		{654ED53A-96EC-4034-A251-072DE05AEA6E}.Release|x64.Build.0 = Release|x64
		{654ED53A-96EC-4034-A251-072DE05AEA6E}.Release|x86.ActiveCfg = Release|Win32
		{654ED53A-96EC-4034-A251-072DE05AEA6E}.Release|x86.Build.0 = Release|Win32
	EndGlobalSection
	GlobalSection(SolutionProperties) = preSolution
		HideSolutionNode = FALSE
	EndGlobalSection
	GlobalSection(ExtensibilityGlobals) = postSolution
		SolutionGuid = {ACB0D209-22F1-4213-AFC2-28D2E47C1F3C}
	EndGlobalSection
EndGlobal
